{
    "_readme": [
        "This file locks the dependencies of your project to a known state",
        "Read more about it at https://getcomposer.org/doc/01-basic-usage.md#installing-dependencies",
        "This file is @generated automatically"
    ],
    "content-hash": "954d5ff2a8a8a1182ee6218575c20d56",
    "packages": [],
    "packages-dev": [
        {
            "name": "kktsvetkov/krumo",
            "version": "0.4.4",
            "source": {
                "type": "git",
                "url": "https://github.com/kktsvetkov/krumo.git",
                "reference": "2ca53acc5bda44f67b7eca2418333d60f6054bec"
            },
            "dist": {
                "type": "zip",
                "url": "https://api.github.com/repos/kktsvetkov/krumo/zipball/2ca53acc5bda44f67b7eca2418333d60f6054bec",
                "reference": "2ca53acc5bda44f67b7eca2418333d60f6054bec",
                "shasum": ""
            },
            "require": {
                "php": ">=5.3.0"
            },
            "type": "library",
            "autoload": {
                "files": [
                    "class.krumo.php"
                ]
            },
            "notification-url": "https://packagist.org/downloads/",
            "license": [
                "LGPL-2.1"
            ],
            "authors": [
                {
                    "name": "Kaloyan Tsvetkov (KT)",
                    "email": "kaloyan@kaloyan.info",
                    "homepage": "http://kaloyan.info",
                    "role": "Developer"
                }
            ],
            "description": "Krumo is a debugging tool, which displays structured information about any PHP variable. It is a nice replacement for print_r() or var_dump() which are used by a lot of PHP developers.",
            "homepage": "http://krumo.kaloyan.info",
            "keywords": [
                "debug",
                "debugging",
                "devel",
                "development",
                "krumo",
                "print_r",
                "var_dump",
                "var_export"
            ],
            "support": {
                "issues": "https://github.com/kktsvetkov/krumo/issues",
                "source": "https://github.com/kktsvetkov/krumo/tree/0.4.4"
            },
            "time": "2020-08-03T09:42:03+00:00"
        },
        {
            "name": "phpstan/phpstan",
            "version": "1.9.3",
            "source": {
                "type": "git",
                "url": "https://github.com/phpstan/phpstan.git",
                "reference": "709999b91448d4f2bb07daffffedc889b33e461c"
            },
            "dist": {
                "type": "zip",
                "url": "https://api.github.com/repos/phpstan/phpstan/zipball/709999b91448d4f2bb07daffffedc889b33e461c",
                "reference": "709999b91448d4f2bb07daffffedc889b33e461c",
                "shasum": ""
            },
            "require": {
                "php": "^7.2|^8.0"
            },
            "conflict": {
                "phpstan/phpstan-shim": "*"
            },
            "bin": [
                "phpstan",
                "phpstan.phar"
            ],
            "type": "library",
            "autoload": {
                "files": [
                    "bootstrap.php"
                ]
            },
            "notification-url": "https://packagist.org/downloads/",
            "license": [
                "MIT"
            ],
            "description": "PHPStan - PHP Static Analysis Tool",
            "keywords": [
                "dev",
                "static analysis"
            ],
            "support": {
                "issues": "https://github.com/phpstan/phpstan/issues",
                "source": "https://github.com/phpstan/phpstan/tree/1.9.3"
            },
            "funding": [
                {
                    "url": "https://github.com/ondrejmirtes",
                    "type": "github"
                },
                {
                    "url": "https://github.com/phpstan",
                    "type": "github"
                },
                {
                    "url": "https://tidelift.com/funding/github/packagist/phpstan/phpstan",
                    "type": "tidelift"
                }
            ],
            "time": "2022-12-13T10:28:10+00:00"
        }
    ],
    "aliases": [],
    "minimum-stability": "stable",
    "stability-flags": [],
    "prefer-stable": false,
    "prefer-lowest": false,
    "platform": [],
    "platform-dev": [],
    "plugin-api-version": "2.3.0"
}
